
Microsoft Visual Studio Solution File, Format Version 12.00
# Visual Studio Version 16
VisualStudioVersion = 16.0.31911.196
MinimumVisualStudioVersion = 10.0.40219.1
Project("{FAE04EC0-301F-11D3-BF4B-00C04F79EFBC}") = "Фракталы", "Фракталы\Фракталы.csproj", "{4913B6D0-4ECF-40F5-B97D-3CDF71A729A0}"
EndProject
Global
	GlobalSection(SolutionConfigurationPlatforms) = preSolution
		Debug|Any CPU = Debug|Any CPU
		Release|Any CPU = Release|Any CPU
	EndGlobalSection
	GlobalSection(ProjectConfigurationPlatforms) = postSolution
		{4913B6D0-4ECF-40F5-B97D-3CDF71A729A0}.Debug|Any CPU.ActiveCfg = Debug|Any CPU
		{4913B6D0-4ECF-40F5-B97D-3CDF71A729A0}.Debug|Any CPU.Build.0 = Debug|Any CPU
		{4913B6D0-4ECF-40F5-B97D-3CDF71A729A0}.Release|Any CPU.ActiveCfg = Release|Any CPU
		{4913B6D0-4ECF-40F5-B97D-3CDF71A729A0}.Release|Any CPU.Build.0 = Release|Any CPU
	EndGlobalSection
	GlobalSection(SolutionProperties) = preSolution
		HideSolutionNode = FALSE
	EndGlobalSection
	GlobalSection(ExtensibilityGlobals) = postSolution
		SolutionGuid = {15A7EB3D-5A89-4EA0-8DA0-5AE0C077D54C}
	EndGlobalSection
EndGlobal
